
Microsoft Visual Studio Solution File, Format Version 12.00
# Visual Studio 15
VisualStudioVersion = 15.0.26730.3
MinimumVisualStudioVersion = 10.0.40219.1
Project("{FAE04EC0-301F-11D3-BF4B-00C04F79EFBC}") = "MonthlyReportTool", "MonthlyReportTool\MonthlyReportTool.csproj", "{B7000EBC-B6C8-4E35-975F-DAFADF3A09A4}"
EndProject
Global
	GlobalSection(SolutionConfigurationPlatforms) = preSolution
		Debug|Any CPU = Debug|Any CPU
		Release|Any CPU = Release|Any CPU
	EndGlobalSection
	GlobalSection(ProjectConfigurationPlatforms) = postSolution
		{B7000EBC-B6C8-4E35-975F-DAFADF3A09A4}.Debug|Any CPU.ActiveCfg = Debug|Any CPU
		{B7000EBC-B6C8-4E35-975F-DAFADF3A09A4}.Debug|Any CPU.Build.0 = Debug|Any CPU
		{B7000EBC-B6C8-4E35-975F-DAFADF3A09A4}.Release|Any CPU.ActiveCfg = Release|Any CPU
		{B7000EBC-B6C8-4E35-975F-DAFADF3A09A4}.Release|Any CPU.Build.0 = Release|Any CPU
	EndGlobalSection
	GlobalSection(SolutionProperties) = preSolution
		HideSolutionNode = FALSE
	EndGlobalSection
	GlobalSection(ExtensibilityGlobals) = postSolution
		SolutionGuid = {B50D9AB9-29E0-4C48-AB73-498AF554EF59}
	EndGlobalSection
EndGlobal
